
Microsoft Visual Studio Solution File, Format Version 12.00
# Visual Studio Version 17
VisualStudioVersion = 17.7.34031.279
MinimumVisualStudioVersion = 10.0.40219.1
Project("{FAE04EC0-301F-11D3-BF4B-00C04F79EFBC}") = "Administracion_de_empresa", "Administracion_de_empresa.csproj", "{31819F29-6CE9-4BD8-A432-2716FC55F234}"
EndProject
Global
	GlobalSection(SolutionConfigurationPlatforms) = preSolution
		Debug|Any CPU = Debug|Any CPU
		Release|Any CPU = Release|Any CPU
	EndGlobalSection
	GlobalSection(ProjectConfigurationPlatforms) = postSolution
		{31819F29-6CE9-4BD8-A432-2716FC55F234}.Debug|Any CPU.ActiveCfg = Debug|Any CPU
		{31819F29-6CE9-4BD8-A432-2716FC55F234}.Debug|Any CPU.Build.0 = Debug|Any CPU
		{31819F29-6CE9-4BD8-A432-2716FC55F234}.Release|Any CPU.ActiveCfg = Release|Any CPU
		{31819F29-6CE9-4BD8-A432-2716FC55F234}.Release|Any CPU.Build.0 = Release|Any CPU
	EndGlobalSection
	GlobalSection(SolutionProperties) = preSolution
		HideSolutionNode = FALSE
	EndGlobalSection
	GlobalSection(ExtensibilityGlobals) = postSolution
		SolutionGuid = {2FB162D6-D499-4C82-B351-F1CCADFF36CE}
	EndGlobalSection
EndGlobal
